
Microsoft Visual Studio Solution File, Format Version 12.00
# Visual Studio 15
VisualStudioVersion = 15.0.27130.2003
MinimumVisualStudioVersion = 10.0.40219.1
Project("{2150E333-8FDC-42A3-9474-1A3956D46DE8}") = "src", "src", "{D829F4BB-D7D6-468D-968A-858473BAFDE8}"
EndProject
Project("{9A19103F-16F7-4668-BE54-9A1E7A4F7556}") = "EntityManager.Extensions", "src\EntityManager.Extensions\EntityManager.Extensions.csproj", "{408A5003-4DD6-4E52-8BC6-D1E4C366FAF2}"
EndProject
Project("{9A19103F-16F7-4668-BE54-9A1E7A4F7556}") = "EntityManager.AspNetCore", "src\EntityManager.AspNetCore\EntityManager.AspNetCore.csproj", "{D93075E6-9650-41DE-90CA-8720F117B91D}"
EndProject
Project("{9A19103F-16F7-4668-BE54-9A1E7A4F7556}") = "EntityManager", "src\EntityManager\EntityManager.csproj", "{9AB37FAC-80B1-4EA3-A306-32709227DA23}"
EndProject
Project("{9A19103F-16F7-4668-BE54-9A1E7A4F7556}") = "EntityManager.AspNetCore.Identity", "src\EntityManager.AspNetCore.Identity\EntityManager.AspNetCore.Identity.csproj", "{1C76ABB4-CDF3-45CE-92FF-44F42E5A3429}"
EndProject
Global
	GlobalSection(SolutionConfigurationPlatforms) = preSolution
		Debug|Any CPU = Debug|Any CPU
		Release|Any CPU = Release|Any CPU
	EndGlobalSection
	GlobalSection(ProjectConfigurationPlatforms) = postSolution
		{408A5003-4DD6-4E52-8BC6-D1E4C366FAF2}.Debug|Any CPU.ActiveCfg = Debug|Any CPU
		{408A5003-4DD6-4E52-8BC6-D1E4C366FAF2}.Debug|Any CPU.Build.0 = Debug|Any CPU
		{408A5003-4DD6-4E52-8BC6-D1E4C366FAF2}.Release|Any CPU.ActiveCfg = Release|Any CPU
		{408A5003-4DD6-4E52-8BC6-D1E4C366FAF2}.Release|Any CPU.Build.0 = Release|Any CPU
		{D93075E6-9650-41DE-90CA-8720F117B91D}.Debug|Any CPU.ActiveCfg = Debug|Any CPU
		{D93075E6-9650-41DE-90CA-8720F117B91D}.Debug|Any CPU.Build.0 = Debug|Any CPU
		{D93075E6-9650-41DE-90CA-8720F117B91D}.Release|Any CPU.ActiveCfg = Release|Any CPU
		{D93075E6-9650-41DE-90CA-8720F117B91D}.Release|Any CPU.Build.0 = Release|Any CPU
		{9AB37FAC-80B1-4EA3-A306-32709227DA23}.Debug|Any CPU.ActiveCfg = Debug|Any CPU
		{9AB37FAC-80B1-4EA3-A306-32709227DA23}.Debug|Any CPU.Build.0 = Debug|Any CPU
		{9AB37FAC-80B1-4EA3-A306-32709227DA23}.Release|Any CPU.ActiveCfg = Release|Any CPU
		{9AB37FAC-80B1-4EA3-A306-32709227DA23}.Release|Any CPU.Build.0 = Release|Any CPU
		{1C76ABB4-CDF3-45CE-92FF-44F42E5A3429}.Debug|Any CPU.ActiveCfg = Debug|Any CPU
		{1C76ABB4-CDF3-45CE-92FF-44F42E5A3429}.Debug|Any CPU.Build.0 = Debug|Any CPU
		{1C76ABB4-CDF3-45CE-92FF-44F42E5A3429}.Release|Any CPU.ActiveCfg = Release|Any CPU
		{1C76ABB4-CDF3-45CE-92FF-44F42E5A3429}.Release|Any CPU.Build.0 = Release|Any CPU
	EndGlobalSection
	GlobalSection(SolutionProperties) = preSolution
		HideSolutionNode = FALSE
	EndGlobalSection
	GlobalSection(NestedProjects) = preSolution
		{408A5003-4DD6-4E52-8BC6-D1E4C366FAF2} = {D829F4BB-D7D6-468D-968A-858473BAFDE8}
		{D93075E6-9650-41DE-90CA-8720F117B91D} = {D829F4BB-D7D6-468D-968A-858473BAFDE8}
		{9AB37FAC-80B1-4EA3-A306-32709227DA23} = {D829F4BB-D7D6-468D-968A-858473BAFDE8}
		{1C76ABB4-CDF3-45CE-92FF-44F42E5A3429} = {D829F4BB-D7D6-468D-968A-858473BAFDE8}
	EndGlobalSection
	GlobalSection(ExtensibilityGlobals) = postSolution
		SolutionGuid = {CE8A823B-54D6-42C5-8689-DD1499A031BB}
	EndGlobalSection
EndGlobal
